
Microsoft Visual Studio Solution File, Format Version 12.00
# Visual Studio 15
VisualStudioVersion = 15.0.27703.2042
MinimumVisualStudioVersion = 10.0.40219.1
Project("{FAE04EC0-301F-11D3-BF4B-00C04F79EFBC}") = "Shapes.UI", "Shapes.UI\Shapes.UI.csproj", "{D87543D7-1503-4B66-ACE3-B7E639487899}"
EndProject
Project("{FAE04EC0-301F-11D3-BF4B-00C04F79EFBC}") = "Shapes.Library", "Shapes.Library\Shapes.Library.csproj", "{6DDA21D8-018F-40EC-B3C5-7D3CCB1C96FB}"
EndProject
Global
	GlobalSection(SolutionConfigurationPlatforms) = preSolution
		Debug|Any CPU = Debug|Any CPU
		Release|Any CPU = Release|Any CPU
	EndGlobalSection
	GlobalSection(ProjectConfigurationPlatforms) = postSolution
		{D87543D7-1503-4B66-ACE3-B7E639487899}.Debug|Any CPU.ActiveCfg = Debug|Any CPU
		{D87543D7-1503-4B66-ACE3-B7E639487899}.Debug|Any CPU.Build.0 = Debug|Any CPU
		{D87543D7-1503-4B66-ACE3-B7E639487899}.Release|Any CPU.ActiveCfg = Release|Any CPU
		{D87543D7-1503-4B66-ACE3-B7E639487899}.Release|Any CPU.Build.0 = Release|Any CPU
		{6DDA21D8-018F-40EC-B3C5-7D3CCB1C96FB}.Debug|Any CPU.ActiveCfg = Debug|Any CPU
		{6DDA21D8-018F-40EC-B3C5-7D3CCB1C96FB}.Debug|Any CPU.Build.0 = Debug|Any CPU
		{6DDA21D8-018F-40EC-B3C5-7D3CCB1C96FB}.Release|Any CPU.ActiveCfg = Release|Any CPU
		{6DDA21D8-018F-40EC-B3C5-7D3CCB1C96FB}.Release|Any CPU.Build.0 = Release|Any CPU
	EndGlobalSection
	GlobalSection(SolutionProperties) = preSolution
		HideSolutionNode = FALSE
	EndGlobalSection
	GlobalSection(ExtensibilityGlobals) = postSolution
		SolutionGuid = {F23EDE4E-1D9F-459B-AD61-DFDE08D68CC1}
	EndGlobalSection
EndGlobal
