
Microsoft Visual Studio Solution File, Format Version 12.00
# Visual Studio 15
VisualStudioVersion = 15.0.27703.2042
MinimumVisualStudioVersion = 10.0.40219.1
Project("{FAE04EC0-301F-11D3-BF4B-00C04F79EFBC}") = "ExtensionMethodsAndLINQ", "ExtensionMethodsAndLINQ\ExtensionMethodsAndLINQ.csproj", "{DAF8B926-D22F-46F1-A52A-413DCDE250CB}"
EndProject
Global
	GlobalSection(SolutionConfigurationPlatforms) = preSolution
		Debug|Any CPU = Debug|Any CPU
		Release|Any CPU = Release|Any CPU
	EndGlobalSection
	GlobalSection(ProjectConfigurationPlatforms) = postSolution
		{DAF8B926-D22F-46F1-A52A-413DCDE250CB}.Debug|Any CPU.ActiveCfg = Debug|Any CPU
		{DAF8B926-D22F-46F1-A52A-413DCDE250CB}.Debug|Any CPU.Build.0 = Debug|Any CPU
		{DAF8B926-D22F-46F1-A52A-413DCDE250CB}.Release|Any CPU.ActiveCfg = Release|Any CPU
		{DAF8B926-D22F-46F1-A52A-413DCDE250CB}.Release|Any CPU.Build.0 = Release|Any CPU
	EndGlobalSection
	GlobalSection(SolutionProperties) = preSolution
		HideSolutionNode = FALSE
	EndGlobalSection
	GlobalSection(ExtensibilityGlobals) = postSolution
		SolutionGuid = {14896313-90BE-49A1-9758-48AF15329E64}
	EndGlobalSection
EndGlobal
