
Microsoft Visual Studio Solution File, Format Version 12.00
# Visual Studio 15
VisualStudioVersion = 15.0.27703.2042
MinimumVisualStudioVersion = 10.0.40219.1
Project("{FAE04EC0-301F-11D3-BF4B-00C04F79EFBC}") = "MoreAnimals", "MoreAnimals\MoreAnimals.csproj", "{7E46D28D-D3EB-41DD-BF0E-44C86E9B3931}"
EndProject
Project("{FAE04EC0-301F-11D3-BF4B-00C04F79EFBC}") = "MoreAnimals.Library", "MoreAnimals.Library\MoreAnimals.Library.csproj", "{EF0E7747-98E1-4F1F-9BF3-A62A62CB818B}"
EndProject
Global
	GlobalSection(SolutionConfigurationPlatforms) = preSolution
		Debug|Any CPU = Debug|Any CPU
		Release|Any CPU = Release|Any CPU
	EndGlobalSection
	GlobalSection(ProjectConfigurationPlatforms) = postSolution
		{7E46D28D-D3EB-41DD-BF0E-44C86E9B3931}.Debug|Any CPU.ActiveCfg = Debug|Any CPU
		{7E46D28D-D3EB-41DD-BF0E-44C86E9B3931}.Debug|Any CPU.Build.0 = Debug|Any CPU
		{7E46D28D-D3EB-41DD-BF0E-44C86E9B3931}.Release|Any CPU.ActiveCfg = Release|Any CPU
		{7E46D28D-D3EB-41DD-BF0E-44C86E9B3931}.Release|Any CPU.Build.0 = Release|Any CPU
		{EF0E7747-98E1-4F1F-9BF3-A62A62CB818B}.Debug|Any CPU.ActiveCfg = Debug|Any CPU
		{EF0E7747-98E1-4F1F-9BF3-A62A62CB818B}.Debug|Any CPU.Build.0 = Debug|Any CPU
		{EF0E7747-98E1-4F1F-9BF3-A62A62CB818B}.Release|Any CPU.ActiveCfg = Release|Any CPU
		{EF0E7747-98E1-4F1F-9BF3-A62A62CB818B}.Release|Any CPU.Build.0 = Release|Any CPU
	EndGlobalSection
	GlobalSection(SolutionProperties) = preSolution
		HideSolutionNode = FALSE
	EndGlobalSection
	GlobalSection(ExtensibilityGlobals) = postSolution
		SolutionGuid = {541EC780-F4FA-41FB-97A3-369C947B9D96}
	EndGlobalSection
EndGlobal
