
Microsoft Visual Studio Solution File, Format Version 12.00
# Visual Studio 15
VisualStudioVersion = 15.0.27703.2042
MinimumVisualStudioVersion = 10.0.40219.1
Project("{FAE04EC0-301F-11D3-BF4B-00C04F79EFBC}") = "MVC", "MVC\MVC.csproj", "{884B79E6-2925-4A0B-AE0A-C0138E481727}"
EndProject
Global
	GlobalSection(SolutionConfigurationPlatforms) = preSolution
		Debug|Any CPU = Debug|Any CPU
		Release|Any CPU = Release|Any CPU
	EndGlobalSection
	GlobalSection(ProjectConfigurationPlatforms) = postSolution
		{884B79E6-2925-4A0B-AE0A-C0138E481727}.Debug|Any CPU.ActiveCfg = Debug|Any CPU
		{884B79E6-2925-4A0B-AE0A-C0138E481727}.Debug|Any CPU.Build.0 = Debug|Any CPU
		{884B79E6-2925-4A0B-AE0A-C0138E481727}.Release|Any CPU.ActiveCfg = Release|Any CPU
		{884B79E6-2925-4A0B-AE0A-C0138E481727}.Release|Any CPU.Build.0 = Release|Any CPU
	EndGlobalSection
	GlobalSection(SolutionProperties) = preSolution
		HideSolutionNode = FALSE
	EndGlobalSection
	GlobalSection(ExtensibilityGlobals) = postSolution
		SolutionGuid = {8702A487-9506-43A5-8BF5-C8D8286E90AD}
	EndGlobalSection
EndGlobal
